# This file is automatically @generated by Cargo.
# It is not intended for manual editing.
version = 4

[[package]]
name = "punctum-gpu"
version = "0.0.0"

[[package]]
name = "punctum-grid"
version = "0.0.0"

[[package]]
name = "punctum-input"
version = "0.0.0"

[[package]]
name = "punctum-terminal"
version = "0.0.0"
