# This file is automatically @generated by Cargo.
# It is not intended for manual editing.
version = 4

[[package]]
name = "thorn"
version = "0.1.0"
dependencies = [
 "thorn-core",
 "thorn-headless",
]

[[package]]
name = "thorn-core"
version = "0.1.0"

[[package]]
name = "thorn-headless"
version = "0.1.0"
dependencies = [
 "thorn-core",
]
