# This file is automatically @generated by Cargo.
# It is not intended for manual editing.
version = 4

[[package]]
name = "battle-application"
version = "0.0.0"
dependencies = [
 "battle-domain",
]

[[package]]
name = "battle-domain"
version = "0.0.0"

[[package]]
name = "battle-ramus-adapter"
version = "0.0.0"
dependencies = [
 "ramus-core",
]

[[package]]
name = "game-e2e"
version = "0.0.0"

[[package]]
name = "game-host"
version = "0.0.0"

[[package]]
name = "game-ui"
version = "0.0.0"
dependencies = [
 "punctum-gpu",
 "punctum-grid",
 "punctum-input",
]

[[package]]
name = "punctum-gpu"
version = "0.0.0"
dependencies = [
 "punctum-grid",
]

[[package]]
name = "punctum-grid"
version = "0.0.0"

[[package]]
name = "punctum-input"
version = "0.0.0"

[[package]]
name = "ramus-core"
version = "0.0.0"
