# This file is automatically @generated by Cargo.
# It is not intended for manual editing.
version = 4

[[package]]
name = "chat-application"
version = "0.0.0"

[[package]]
name = "chater-e2e"
version = "0.0.0"

[[package]]
name = "chater-ui"
version = "0.0.0"
dependencies = [
 "punctum-grid",
 "punctum-input",
]

[[package]]
name = "model-adapter"
version = "0.0.0"

[[package]]
name = "punctum-grid"
version = "0.0.0"

[[package]]
name = "punctum-input"
version = "0.0.0"

[[package]]
name = "punctum-terminal"
version = "0.0.0"

[[package]]
name = "tui-host"
version = "0.0.0"
dependencies = [
 "punctum-terminal",
]
